
Microsoft Visual Studio Solution File, Format Version 12.00
Project("{FAE04EC0-301F-11D3-BF4B-00C04F79EFBC}") = "Kol2Vezbanje5", "Kol2Vezbanje5\Kol2Vezbanje5.csproj", "{DC5F65A5-7D8B-4907-A302-4343F9C05CAD}"
EndProject
Global
	GlobalSection(SolutionConfigurationPlatforms) = preSolution
		Debug|Any CPU = Debug|Any CPU
		Release|Any CPU = Release|Any CPU
	EndGlobalSection
	GlobalSection(ProjectConfigurationPlatforms) = postSolution
		{DC5F65A5-7D8B-4907-A302-4343F9C05CAD}.Debug|Any CPU.ActiveCfg = Debug|Any CPU
		{DC5F65A5-7D8B-4907-A302-4343F9C05CAD}.Debug|Any CPU.Build.0 = Debug|Any CPU
		{DC5F65A5-7D8B-4907-A302-4343F9C05CAD}.Release|Any CPU.ActiveCfg = Release|Any CPU
		{DC5F65A5-7D8B-4907-A302-4343F9C05CAD}.Release|Any CPU.Build.0 = Release|Any CPU
	EndGlobalSection
EndGlobal
